
Microsoft Visual Studio Solution File, Format Version 12.00
# Visual Studio Version 17
VisualStudioVersion = 17.0.32002.185
MinimumVisualStudioVersion = 10.0.40219.1
Project("{FAE04EC0-301F-11D3-BF4B-00C04F79EFBC}") = "MathCleaner", "MathCleaner\MathCleaner.csproj", "{B1C12942-CC1E-4AE6-B784-4B4E02181D65}"
EndProject
Global
	GlobalSection(SolutionConfigurationPlatforms) = preSolution
		Debug|Any CPU = Debug|Any CPU
		Release|Any CPU = Release|Any CPU
	EndGlobalSection
	GlobalSection(ProjectConfigurationPlatforms) = postSolution
		{B1C12942-CC1E-4AE6-B784-4B4E02181D65}.Debug|Any CPU.ActiveCfg = Debug|Any CPU
		{B1C12942-CC1E-4AE6-B784-4B4E02181D65}.Debug|Any CPU.Build.0 = Debug|Any CPU
		{B1C12942-CC1E-4AE6-B784-4B4E02181D65}.Release|Any CPU.ActiveCfg = Release|Any CPU
		{B1C12942-CC1E-4AE6-B784-4B4E02181D65}.Release|Any CPU.Build.0 = Release|Any CPU
	EndGlobalSection
	GlobalSection(SolutionProperties) = preSolution
		HideSolutionNode = FALSE
	EndGlobalSection
	GlobalSection(ExtensibilityGlobals) = postSolution
		SolutionGuid = {42C36108-4E05-4B77-8DDE-EC1BA9F67237}
	EndGlobalSection
EndGlobal
